
Microsoft Visual Studio Solution File, Format Version 12.00
# Visual Studio Version 17
VisualStudioVersion = 17.6.33723.286
MinimumVisualStudioVersion = 10.0.40219.1
Project("{FAE04EC0-301F-11D3-BF4B-00C04F79EFBC}") = "IngredientList", "IngredientList\IngredientList.csproj", "{EAF886FB-584D-4AE4-B7B9-6BA957F201EC}"
EndProject
Global
	GlobalSection(SolutionConfigurationPlatforms) = preSolution
		Debug|Any CPU = Debug|Any CPU
		Release|Any CPU = Release|Any CPU
	EndGlobalSection
	GlobalSection(ProjectConfigurationPlatforms) = postSolution
		{EAF886FB-584D-4AE4-B7B9-6BA957F201EC}.Debug|Any CPU.ActiveCfg = Debug|Any CPU
		{EAF886FB-584D-4AE4-B7B9-6BA957F201EC}.Debug|Any CPU.Build.0 = Debug|Any CPU
		{EAF886FB-584D-4AE4-B7B9-6BA957F201EC}.Release|Any CPU.ActiveCfg = Release|Any CPU
		{EAF886FB-584D-4AE4-B7B9-6BA957F201EC}.Release|Any CPU.Build.0 = Release|Any CPU
	EndGlobalSection
	GlobalSection(SolutionProperties) = preSolution
		HideSolutionNode = FALSE
	EndGlobalSection
	GlobalSection(ExtensibilityGlobals) = postSolution
		SolutionGuid = {BE292CE6-9CDD-4E4E-AA00-47D6051024E4}
	EndGlobalSection
EndGlobal
